{
  "requires": true,
  "lockfileVersion": 1,
  "dependencies": {
    "@types/jquery": {
      "version": "3.3.2",
      "resolved": "https://artifactory.ges.symantec.com/artifactory/api/npm/norton-virtual-npm/@types/jquery/-/jquery-3.3.2.tgz?dl=https://registry.npmjs.org/@types/jquery/-/jquery-3.3.2.tgz",
      "integrity": "sha1-hwAia93iS2+Y46YBJtuqs7Kjq0E="
    }
  }
}
